
Microsoft Visual Studio Solution File, Format Version 12.00
# Visual Studio 15
VisualStudioVersion = 15.0.28010.2046
MinimumVisualStudioVersion = 10.0.40219.1
Project("{FAE04EC0-301F-11D3-BF4B-00C04F79EFBC}") = "Review", "Review\Review.csproj", "{1D7D508A-8925-4EA0-A5A4-521F653688A1}"
EndProject
Project("{FAE04EC0-301F-11D3-BF4B-00C04F79EFBC}") = "SimpleDelegate", "..\Chap10Again\SimpleDelegate\SimpleDelegate.csproj", "{BAC10667-5F95-42DD-8925-C12C6F5CD9A7}"
EndProject
Project("{FAE04EC0-301F-11D3-BF4B-00C04F79EFBC}") = "SimpleEvent", "..\Chap10Again\SimpleEvent\SimpleEvent.csproj", "{3CB5F460-BF39-442A-BFFD-ACF963BD0550}"
EndProject
Project("{FAE04EC0-301F-11D3-BF4B-00C04F79EFBC}") = "AsyncCallbackDelegate", "AsyncCallbackDelegate\AsyncCallbackDelegate.csproj", "{8FF351F2-6DDB-4F03-A494-8CD7FC50C23D}"
EndProject
Project("{FAE04EC0-301F-11D3-BF4B-00C04F79EFBC}") = "ThreadStat", "ThreadStat\ThreadStat.csproj", "{58E2F4EE-331E-48C6-B8B9-9DA0B3AA3849}"
EndProject
Project("{FAE04EC0-301F-11D3-BF4B-00C04F79EFBC}") = "SimpleMultiThreadApp", "SimpleMultiThreadApp\SimpleMultiThreadApp.csproj", "{2DFE6436-CDD1-40F0-8DDA-6930E0366BD1}"
EndProject
Project("{FAE04EC0-301F-11D3-BF4B-00C04F79EFBC}") = "AutoReset", "AutoReset\AutoReset.csproj", "{FB2AE86B-A4F6-499D-8FC4-647D11006AF0}"
EndProject
Project("{FAE04EC0-301F-11D3-BF4B-00C04F79EFBC}") = "MultiThreadedPrinting", "MultiThreadedPrinting\MultiThreadedPrinting.csproj", "{CBE7D78F-D999-4708-B751-6A01F602C740}"
EndProject
Project("{FAE04EC0-301F-11D3-BF4B-00C04F79EFBC}") = "AtomicLock", "AtomicLock\AtomicLock.csproj", "{02BF8772-0426-4C43-8076-D1A1665AD840}"
EndProject
Project("{FAE04EC0-301F-11D3-BF4B-00C04F79EFBC}") = "TimerApp", "TimerApp\TimerApp.csproj", "{886208B9-C81B-4F88-BDFC-88E9A3C0362B}"
EndProject
Project("{FAE04EC0-301F-11D3-BF4B-00C04F79EFBC}") = "ParallelDemo", "ParallelDemo\ParallelDemo.csproj", "{2D7A04A9-DE5E-4B29-9943-474E52FD1968}"
EndProject
Project("{FAE04EC0-301F-11D3-BF4B-00C04F79EFBC}") = "ParallelInvoke", "ParallelInvoke\ParallelInvoke.csproj", "{7FBE6D47-D600-44D7-BAE3-2D7E158EA7C5}"
EndProject
Project("{FAE04EC0-301F-11D3-BF4B-00C04F79EFBC}") = "PLINQDataProcessingWithCancellation", "PLINQDataProcessingWithCancellation\PLINQDataProcessingWithCancellation.csproj", "{F8873E87-2E62-4030-BE99-CC5E5027D886}"
EndProject
Project("{FAE04EC0-301F-11D3-BF4B-00C04F79EFBC}") = "CSharpAsync", "CSharpAsync\CSharpAsync.csproj", "{AFB1488A-C748-441A-B0DA-19AD95038424}"
EndProject
Project("{FAE04EC0-301F-11D3-BF4B-00C04F79EFBC}") = "Review2", "Review2\Review2.csproj", "{A0C37EDB-F05E-4B87-856C-170300EE7392}"
EndProject
Global
	GlobalSection(SolutionConfigurationPlatforms) = preSolution
		Debug|Any CPU = Debug|Any CPU
		Release|Any CPU = Release|Any CPU
	EndGlobalSection
	GlobalSection(ProjectConfigurationPlatforms) = postSolution
		{1D7D508A-8925-4EA0-A5A4-521F653688A1}.Debug|Any CPU.ActiveCfg = Debug|Any CPU
		{1D7D508A-8925-4EA0-A5A4-521F653688A1}.Debug|Any CPU.Build.0 = Debug|Any CPU
		{1D7D508A-8925-4EA0-A5A4-521F653688A1}.Release|Any CPU.ActiveCfg = Release|Any CPU
		{1D7D508A-8925-4EA0-A5A4-521F653688A1}.Release|Any CPU.Build.0 = Release|Any CPU
		{BAC10667-5F95-42DD-8925-C12C6F5CD9A7}.Debug|Any CPU.ActiveCfg = Debug|Any CPU
		{BAC10667-5F95-42DD-8925-C12C6F5CD9A7}.Debug|Any CPU.Build.0 = Debug|Any CPU
		{BAC10667-5F95-42DD-8925-C12C6F5CD9A7}.Release|Any CPU.ActiveCfg = Release|Any CPU
		{BAC10667-5F95-42DD-8925-C12C6F5CD9A7}.Release|Any CPU.Build.0 = Release|Any CPU
		{3CB5F460-BF39-442A-BFFD-ACF963BD0550}.Debug|Any CPU.ActiveCfg = Debug|Any CPU
		{3CB5F460-BF39-442A-BFFD-ACF963BD0550}.Debug|Any CPU.Build.0 = Debug|Any CPU
		{3CB5F460-BF39-442A-BFFD-ACF963BD0550}.Release|Any CPU.ActiveCfg = Release|Any CPU
		{3CB5F460-BF39-442A-BFFD-ACF963BD0550}.Release|Any CPU.Build.0 = Release|Any CPU
		{8FF351F2-6DDB-4F03-A494-8CD7FC50C23D}.Debug|Any CPU.ActiveCfg = Debug|Any CPU
		{8FF351F2-6DDB-4F03-A494-8CD7FC50C23D}.Debug|Any CPU.Build.0 = Debug|Any CPU
		{8FF351F2-6DDB-4F03-A494-8CD7FC50C23D}.Release|Any CPU.ActiveCfg = Release|Any CPU
		{8FF351F2-6DDB-4F03-A494-8CD7FC50C23D}.Release|Any CPU.Build.0 = Release|Any CPU
		{58E2F4EE-331E-48C6-B8B9-9DA0B3AA3849}.Debug|Any CPU.ActiveCfg = Debug|Any CPU
		{58E2F4EE-331E-48C6-B8B9-9DA0B3AA3849}.Debug|Any CPU.Build.0 = Debug|Any CPU
		{58E2F4EE-331E-48C6-B8B9-9DA0B3AA3849}.Release|Any CPU.ActiveCfg = Release|Any CPU
		{58E2F4EE-331E-48C6-B8B9-9DA0B3AA3849}.Release|Any CPU.Build.0 = Release|Any CPU
		{2DFE6436-CDD1-40F0-8DDA-6930E0366BD1}.Debug|Any CPU.ActiveCfg = Debug|Any CPU
		{2DFE6436-CDD1-40F0-8DDA-6930E0366BD1}.Debug|Any CPU.Build.0 = Debug|Any CPU
		{2DFE6436-CDD1-40F0-8DDA-6930E0366BD1}.Release|Any CPU.ActiveCfg = Release|Any CPU
		{2DFE6436-CDD1-40F0-8DDA-6930E0366BD1}.Release|Any CPU.Build.0 = Release|Any CPU
		{FB2AE86B-A4F6-499D-8FC4-647D11006AF0}.Debug|Any CPU.ActiveCfg = Debug|Any CPU
		{FB2AE86B-A4F6-499D-8FC4-647D11006AF0}.Debug|Any CPU.Build.0 = Debug|Any CPU
		{FB2AE86B-A4F6-499D-8FC4-647D11006AF0}.Release|Any CPU.ActiveCfg = Release|Any CPU
		{FB2AE86B-A4F6-499D-8FC4-647D11006AF0}.Release|Any CPU.Build.0 = Release|Any CPU
		{CBE7D78F-D999-4708-B751-6A01F602C740}.Debug|Any CPU.ActiveCfg = Debug|Any CPU
		{CBE7D78F-D999-4708-B751-6A01F602C740}.Debug|Any CPU.Build.0 = Debug|Any CPU
		{CBE7D78F-D999-4708-B751-6A01F602C740}.Release|Any CPU.ActiveCfg = Release|Any CPU
		{CBE7D78F-D999-4708-B751-6A01F602C740}.Release|Any CPU.Build.0 = Release|Any CPU
		{02BF8772-0426-4C43-8076-D1A1665AD840}.Debug|Any CPU.ActiveCfg = Debug|Any CPU
		{02BF8772-0426-4C43-8076-D1A1665AD840}.Debug|Any CPU.Build.0 = Debug|Any CPU
		{02BF8772-0426-4C43-8076-D1A1665AD840}.Release|Any CPU.ActiveCfg = Release|Any CPU
		{02BF8772-0426-4C43-8076-D1A1665AD840}.Release|Any CPU.Build.0 = Release|Any CPU
		{886208B9-C81B-4F88-BDFC-88E9A3C0362B}.Debug|Any CPU.ActiveCfg = Debug|Any CPU
		{886208B9-C81B-4F88-BDFC-88E9A3C0362B}.Debug|Any CPU.Build.0 = Debug|Any CPU
		{886208B9-C81B-4F88-BDFC-88E9A3C0362B}.Release|Any CPU.ActiveCfg = Release|Any CPU
		{886208B9-C81B-4F88-BDFC-88E9A3C0362B}.Release|Any CPU.Build.0 = Release|Any CPU
		{2D7A04A9-DE5E-4B29-9943-474E52FD1968}.Debug|Any CPU.ActiveCfg = Debug|Any CPU
		{2D7A04A9-DE5E-4B29-9943-474E52FD1968}.Debug|Any CPU.Build.0 = Debug|Any CPU
		{2D7A04A9-DE5E-4B29-9943-474E52FD1968}.Release|Any CPU.ActiveCfg = Release|Any CPU
		{2D7A04A9-DE5E-4B29-9943-474E52FD1968}.Release|Any CPU.Build.0 = Release|Any CPU
		{7FBE6D47-D600-44D7-BAE3-2D7E158EA7C5}.Debug|Any CPU.ActiveCfg = Debug|Any CPU
		{7FBE6D47-D600-44D7-BAE3-2D7E158EA7C5}.Debug|Any CPU.Build.0 = Debug|Any CPU
		{7FBE6D47-D600-44D7-BAE3-2D7E158EA7C5}.Release|Any CPU.ActiveCfg = Release|Any CPU
		{7FBE6D47-D600-44D7-BAE3-2D7E158EA7C5}.Release|Any CPU.Build.0 = Release|Any CPU
		{F8873E87-2E62-4030-BE99-CC5E5027D886}.Debug|Any CPU.ActiveCfg = Debug|Any CPU
		{F8873E87-2E62-4030-BE99-CC5E5027D886}.Debug|Any CPU.Build.0 = Debug|Any CPU
		{F8873E87-2E62-4030-BE99-CC5E5027D886}.Release|Any CPU.ActiveCfg = Release|Any CPU
		{F8873E87-2E62-4030-BE99-CC5E5027D886}.Release|Any CPU.Build.0 = Release|Any CPU
		{AFB1488A-C748-441A-B0DA-19AD95038424}.Debug|Any CPU.ActiveCfg = Debug|Any CPU
		{AFB1488A-C748-441A-B0DA-19AD95038424}.Debug|Any CPU.Build.0 = Debug|Any CPU
		{AFB1488A-C748-441A-B0DA-19AD95038424}.Release|Any CPU.ActiveCfg = Release|Any CPU
		{AFB1488A-C748-441A-B0DA-19AD95038424}.Release|Any CPU.Build.0 = Release|Any CPU
		{A0C37EDB-F05E-4B87-856C-170300EE7392}.Debug|Any CPU.ActiveCfg = Debug|Any CPU
		{A0C37EDB-F05E-4B87-856C-170300EE7392}.Debug|Any CPU.Build.0 = Debug|Any CPU
		{A0C37EDB-F05E-4B87-856C-170300EE7392}.Release|Any CPU.ActiveCfg = Release|Any CPU
		{A0C37EDB-F05E-4B87-856C-170300EE7392}.Release|Any CPU.Build.0 = Release|Any CPU
	EndGlobalSection
	GlobalSection(SolutionProperties) = preSolution
		HideSolutionNode = FALSE
	EndGlobalSection
	GlobalSection(ExtensibilityGlobals) = postSolution
		SolutionGuid = {8E842E9F-80DC-4565-8C70-BF6994FD2143}
	EndGlobalSection
EndGlobal
